
Microsoft Visual Studio Solution File, Format Version 12.00
# Visual Studio 15
VisualStudioVersion = 15.0.26430.12
MinimumVisualStudioVersion = 10.0.40219.1
Project("{FAE04EC0-301F-11D3-BF4B-00C04F79EFBC}") = "iRacingSegmentController", "iRacingSegmentController\iRacingSegmentController.csproj", "{67FED9A6-4DD3-4355-92B1-124853BB2C87}"
EndProject
Project("{FAE04EC0-301F-11D3-BF4B-00C04F79EFBC}") = "iRacingSdkWrapper", "References\iRacingSdkWrapper\iRacingSdkWrapper.csproj", "{D6DB568B-35B3-49EB-8CB3-E4E5F1424247}"
EndProject
Project("{FAE04EC0-301F-11D3-BF4B-00C04F79EFBC}") = "iRSDKSharp", "References\irsdkSharp\iRSDKSharp.csproj", "{72631B85-EB9A-473E-9B4C-65B355A9000D}"
EndProject
Project("{54435603-DBB4-11D2-8724-00A0C9A8B90C}") = "iRacingSegmentInstaller", "iRacingSegmentInstaller\iRacingSegmentInstaller.vdproj", "{CD46C77F-0FB8-4604-A85C-4190B85A64C8}"
EndProject
Global
	GlobalSection(SolutionConfigurationPlatforms) = preSolution
		Debug|Any CPU = Debug|Any CPU
		Release|Any CPU = Release|Any CPU
	EndGlobalSection
	GlobalSection(ProjectConfigurationPlatforms) = postSolution
		{67FED9A6-4DD3-4355-92B1-124853BB2C87}.Debug|Any CPU.ActiveCfg = Debug|Any CPU
		{67FED9A6-4DD3-4355-92B1-124853BB2C87}.Debug|Any CPU.Build.0 = Debug|Any CPU
		{67FED9A6-4DD3-4355-92B1-124853BB2C87}.Release|Any CPU.ActiveCfg = Release|Any CPU
		{67FED9A6-4DD3-4355-92B1-124853BB2C87}.Release|Any CPU.Build.0 = Release|Any CPU
		{D6DB568B-35B3-49EB-8CB3-E4E5F1424247}.Debug|Any CPU.ActiveCfg = Debug|Any CPU
		{D6DB568B-35B3-49EB-8CB3-E4E5F1424247}.Debug|Any CPU.Build.0 = Debug|Any CPU
		{D6DB568B-35B3-49EB-8CB3-E4E5F1424247}.Release|Any CPU.ActiveCfg = Release|Any CPU
		{D6DB568B-35B3-49EB-8CB3-E4E5F1424247}.Release|Any CPU.Build.0 = Release|Any CPU
		{72631B85-EB9A-473E-9B4C-65B355A9000D}.Debug|Any CPU.ActiveCfg = Debug|Any CPU
		{72631B85-EB9A-473E-9B4C-65B355A9000D}.Debug|Any CPU.Build.0 = Debug|Any CPU
		{72631B85-EB9A-473E-9B4C-65B355A9000D}.Release|Any CPU.ActiveCfg = Release|Any CPU
		{72631B85-EB9A-473E-9B4C-65B355A9000D}.Release|Any CPU.Build.0 = Release|Any CPU
		{CD46C77F-0FB8-4604-A85C-4190B85A64C8}.Debug|Any CPU.ActiveCfg = Debug
		{CD46C77F-0FB8-4604-A85C-4190B85A64C8}.Release|Any CPU.ActiveCfg = Release
	EndGlobalSection
	GlobalSection(SolutionProperties) = preSolution
		HideSolutionNode = FALSE
	EndGlobalSection
EndGlobal
